{
  "name": "day1",
  "version": "1.0.0",
  "lockfileVersion": 1,
  "requires": true,
  "dependencies": {
    "compromise": {
      "version": "11.14.3",
      "resolved": "https://registry.npmjs.org/compromise/-/compromise-11.14.3.tgz",
      "integrity": "sha512-d+DA2l/M6l/Af9a2xXh3QBVQUqZvwPk2JamaCKJwPxO8VI3HvSeYK1ICAXI72FgXbx12mAkTucauhxol07k0/A==",
      "requires": {
        "efrt-unpack": "2.2.0"
      }
    },
    "efrt-unpack": {
      "version": "2.2.0",
      "resolved": "https://registry.npmjs.org/efrt-unpack/-/efrt-unpack-2.2.0.tgz",
      "integrity": "sha512-9xUSSj7qcUxz+0r4X3+bwUNttEfGfK5AH+LVa1aTpqdAfrN5VhROYCfcF+up4hp5OL7IUKcZJJrzAGipQRDoiQ=="
    }
  }
}
