{
  "name": "day1",
  "version": "1.0.0",
  "lockfileVersion": 1,
  "requires": true,
  "dependencies": {
    "compromise": {
      "version": "14.17.0",
      "resolved": "https://registry.npmjs.org/compromise/-/compromise-14.17.0.tgz",
      "integrity": "sha512-zw9iEcts/8tMDASNopMQEs3Pclkx2Xk7XCltAb/oV1LEZcCQpDaalAtFmvuxYo+wnVDsW3H3oT16mw9qVHpkqA==",
      "requires": {
        "efrt": "2.7.0",
        "grad-school": "0.0.5",
        "suffix-thumb": "5.0.3"
      }
    },
    "efrt": {
      "version": "2.7.0",
      "resolved": "https://registry.npmjs.org/efrt/-/efrt-2.7.0.tgz",
      "integrity": "sha512-/RInbCy1d4P6Zdfa+TMVsf/ufZVotat5hCw3QXmWtjU+3pFEOvOQ7ibo3aIxyCJw2leIeAMjmPj+1SLJiCpdrQ=="
    },
    "grad-school": {
      "version": "0.0.5",
      "resolved": "https://registry.npmjs.org/grad-school/-/grad-school-0.0.5.tgz",
      "integrity": "sha512-rXunEHF9M9EkMydTBux7+IryYXEZinRk6g8OBOGDBzo/qWJjhTxy86i5q7lQYpCLHN8Sqv1XX3OIOc7ka2gtvQ=="
    },
    "suffix-thumb": {
      "version": "5.0.3",
      "resolved": "https://registry.npmjs.org/suffix-thumb/-/suffix-thumb-5.0.3.tgz",
      "integrity": "sha512-d77avV91FwJkDA0juRQ19XjE1lE1cNCVIWS0ZRicXqdMN28yjO5LltzEkZBNAWS7qHpn37c1fU4PkIJ/rjJQEA=="
    }
  }
}
