{
  "name": "day2",
  "version": "1.0.0",
  "lockfileVersion": 1,
  "requires": true,
  "dependencies": {
    "compromise": {
      "version": "14.18.0",
      "resolved": "https://registry.npmjs.org/compromise/-/compromise-14.18.0.tgz",
      "integrity": "sha512-SCNTeMZN8ZnvDz96igAjV2QuvvmcKA1bVDbFr8IH672Ec9w+fTSxixIPGgrlivaxU+jyk/Ei3AT3gGtP23n6Vg==",
      "requires": {
        "efrt": "2.9.0",
        "grad-school": "0.0.9",
        "suffix-thumb": "6.0.0"
      }
    },
    "efrt": {
      "version": "2.9.0",
      "resolved": "https://registry.npmjs.org/efrt/-/efrt-2.9.0.tgz",
      "integrity": "sha512-ZMAvlcu4AfmtJ4K/0hs0uofVUZPSeLG/w4yOyZawQLl9YEy8iDKIxIIPsUAlS907clC7bgD17e73vi5unwNE/g=="
    },
    "grad-school": {
      "version": "0.0.9",
      "resolved": "https://registry.npmjs.org/grad-school/-/grad-school-0.0.9.tgz",
      "integrity": "sha512-/aoG9CJz/1gB7x5XKp9i7ggA4k+MqZD7Neph3crfrOLWERkeJFXDXzNefvPW0j97iGTNYqTL+rpBEcz83MTmZw=="
    },
    "suffix-thumb": {
      "version": "6.0.0",
      "resolved": "https://registry.npmjs.org/suffix-thumb/-/suffix-thumb-6.0.0.tgz",
      "integrity": "sha512-HsCTMLaupbob5ZG//ZW6PSj446tHT5kSJ1qXS5F/qO2Nt13uAn6ZLPhJQ/H6bN/jVQCb+pcqe2psEwy4Mp5+Vw=="
    }
  }
}
