{
  "name": "day2",
  "version": "1.0.0",
  "lockfileVersion": 1,
  "requires": true,
  "dependencies": {
    "compromise": {
      "version": "14.13.0",
      "resolved": "https://registry.npmjs.org/compromise/-/compromise-14.13.0.tgz",
      "integrity": "sha512-NqGgcBTRF7Zs3kBWJjKWoYdYTu0tZRcR4yKIA6Ve3KxpD9tgkbDHiVnFrkNYMt26jScrfKPGfVVkGaW++gq4VQ==",
      "requires": {
        "efrt": "2.7.0",
        "grad-school": "0.0.5",
        "suffix-thumb": "5.0.2"
      }
    },
    "efrt": {
      "version": "2.7.0",
      "resolved": "https://registry.npmjs.org/efrt/-/efrt-2.7.0.tgz",
      "integrity": "sha512-/RInbCy1d4P6Zdfa+TMVsf/ufZVotat5hCw3QXmWtjU+3pFEOvOQ7ibo3aIxyCJw2leIeAMjmPj+1SLJiCpdrQ=="
    },
    "grad-school": {
      "version": "0.0.5",
      "resolved": "https://registry.npmjs.org/grad-school/-/grad-school-0.0.5.tgz",
      "integrity": "sha512-rXunEHF9M9EkMydTBux7+IryYXEZinRk6g8OBOGDBzo/qWJjhTxy86i5q7lQYpCLHN8Sqv1XX3OIOc7ka2gtvQ=="
    },
    "suffix-thumb": {
      "version": "5.0.2",
      "resolved": "https://registry.npmjs.org/suffix-thumb/-/suffix-thumb-5.0.2.tgz",
      "integrity": "sha512-I5PWXAFKx3FYnI9a+dQMWNqTxoRt6vdBdb0O+BJ1sxXCWtSoQCusc13E58f+9p4MYx/qCnEMkD5jac6K2j3dgA=="
    }
  }
}
