{
  "name": "funcday194",
  "version": "1.0.0",
  "lockfileVersion": 1,
  "requires": true,
  "dependencies": {
    "ramda": {
      "version": "0.26.1",
      "resolved": "https://registry.npmjs.org/ramda/-/ramda-0.26.1.tgz",
      "integrity": "sha512-hLWjpy7EnsDBb0p+Z3B7rPi3GDeRG5ZtiI33kJhTt+ORCd38AbAIjB/9zRIUoeTbE/AVX5ZkU7m6bznsvrf8eQ=="
    },
    "ramda-fantasy": {
      "version": "0.8.0",
      "resolved": "https://registry.npmjs.org/ramda-fantasy/-/ramda-fantasy-0.8.0.tgz",
      "integrity": "sha1-now32T7ApweWz8EIc92cUIUDkPY=",
      "requires": {
        "ramda": ">=0.15.0"
      }
    }
  }
}
